
Microsoft Visual Studio Solution File, Format Version 12.00
# Visual Studio Version 17
VisualStudioVersion = 17.6.33717.318
MinimumVisualStudioVersion = 10.0.40219.1
Project("{FAE04EC0-301F-11D3-BF4B-00C04F79EFBC}") = "SaasProject", "SaasProject.csproj", "{4CDE6A28-6ECC-46CC-A3F8-7CE356291639}"
EndProject
Global
	GlobalSection(SolutionConfigurationPlatforms) = preSolution
		Debug|Any CPU = Debug|Any CPU
		Release|Any CPU = Release|Any CPU
	EndGlobalSection
	GlobalSection(ProjectConfigurationPlatforms) = postSolution
		{4CDE6A28-6ECC-46CC-A3F8-7CE356291639}.Debug|Any CPU.ActiveCfg = Debug|Any CPU
		{4CDE6A28-6ECC-46CC-A3F8-7CE356291639}.Debug|Any CPU.Build.0 = Debug|Any CPU
		{4CDE6A28-6ECC-46CC-A3F8-7CE356291639}.Release|Any CPU.ActiveCfg = Release|Any CPU
		{4CDE6A28-6ECC-46CC-A3F8-7CE356291639}.Release|Any CPU.Build.0 = Release|Any CPU
	EndGlobalSection
	GlobalSection(SolutionProperties) = preSolution
		HideSolutionNode = FALSE
	EndGlobalSection
	GlobalSection(ExtensibilityGlobals) = postSolution
		SolutionGuid = {C1B6572C-E1F9-4DC3-A242-0B73B9EA4324}
	EndGlobalSection
EndGlobal
